lockfileVersion: 5.4

specifiers:
  '@types/lodash': ^4.14.187
  lodash: ^4.17.21

dependencies:
  '@types/lodash': 4.14.187
  lodash: 4.17.21

packages:

  /@types/lodash/4.14.187:
    resolution: {integrity: sha512-MrO/xLXCaUgZy3y96C/iOsaIqZSeupyTImKClHunL5GrmaiII2VwvWmLBu2hwa0Kp0sV19CsyjtrTc/Fx8rg/A==}
    dev: false

  /lodash/4.17.21:
    resolution: {integrity: sha512-v2kDEe57lecTulaDIuNTPy3Ry4gLGJ6Z1O3vE1krgXZNrsQ+LFTGHVxVjcXPs17LhbZVGedAJv8XZ1tvj5FvSg==}
    dev: false
